
Microsoft Visual Studio Solution File, Format Version 12.00
# Visual Studio Version 17
VisualStudioVersion = 17.13.35825.156
MinimumVisualStudioVersion = 10.0.40219.1
Project("{FAE04EC0-301F-11D3-BF4B-00C04F79EFBC}") = "Enrollment", "Enrollment.csproj", "{E5B31FF2-D333-4F52-A85B-D9E8CC16FF78}"
EndProject
Project("{FAE04EC0-301F-11D3-BF4B-00C04F79EFBC}") = "EnrollmentDataLogic", "EnrollmentDataLogic\EnrollmentDataLogic.csproj", "{22A853DC-353E-4670-9A14-74479987FEAF}"
EndProject
Project("{FAE04EC0-301F-11D3-BF4B-00C04F79EFBC}") = "EnrollmentCommon", "EnrollmentCommon\EnrollmentCommon.csproj", "{E8CEBB05-EB0E-4657-B3D4-D2515768E3D1}"
EndProject
Global
	GlobalSection(SolutionConfigurationPlatforms) = preSolution
		Debug|Any CPU = Debug|Any CPU
		Release|Any CPU = Release|Any CPU
	EndGlobalSection
	GlobalSection(ProjectConfigurationPlatforms) = postSolution
		{E5B31FF2-D333-4F52-A85B-D9E8CC16FF78}.Debug|Any CPU.ActiveCfg = Debug|Any CPU
		{E5B31FF2-D333-4F52-A85B-D9E8CC16FF78}.Debug|Any CPU.Build.0 = Debug|Any CPU
		{E5B31FF2-D333-4F52-A85B-D9E8CC16FF78}.Release|Any CPU.ActiveCfg = Release|Any CPU
		{E5B31FF2-D333-4F52-A85B-D9E8CC16FF78}.Release|Any CPU.Build.0 = Release|Any CPU
		{22A853DC-353E-4670-9A14-74479987FEAF}.Debug|Any CPU.ActiveCfg = Debug|Any CPU
		{22A853DC-353E-4670-9A14-74479987FEAF}.Debug|Any CPU.Build.0 = Debug|Any CPU
		{22A853DC-353E-4670-9A14-74479987FEAF}.Release|Any CPU.ActiveCfg = Release|Any CPU
		{22A853DC-353E-4670-9A14-74479987FEAF}.Release|Any CPU.Build.0 = Release|Any CPU
		{E8CEBB05-EB0E-4657-B3D4-D2515768E3D1}.Debug|Any CPU.ActiveCfg = Debug|Any CPU
		{E8CEBB05-EB0E-4657-B3D4-D2515768E3D1}.Debug|Any CPU.Build.0 = Debug|Any CPU
		{E8CEBB05-EB0E-4657-B3D4-D2515768E3D1}.Release|Any CPU.ActiveCfg = Release|Any CPU
		{E8CEBB05-EB0E-4657-B3D4-D2515768E3D1}.Release|Any CPU.Build.0 = Release|Any CPU
	EndGlobalSection
	GlobalSection(SolutionProperties) = preSolution
		HideSolutionNode = FALSE
	EndGlobalSection
	GlobalSection(ExtensibilityGlobals) = postSolution
		SolutionGuid = {E9846C55-C03F-4BDB-B10D-E1533549ED87}
	EndGlobalSection
EndGlobal
