
Microsoft Visual Studio Solution File, Format Version 12.00
# Visual Studio Version 17
VisualStudioVersion = 17.14.36109.1 d17.14
MinimumVisualStudioVersion = 10.0.40219.1
Project("{FAE04EC0-301F-11D3-BF4B-00C04F79EFBC}") = "EnrollmentAPI", "EnrollmentAPI.csproj", "{27ACAB5F-6E32-4A12-A615-A07A74E9395C}"
EndProject
Global
	GlobalSection(SolutionConfigurationPlatforms) = preSolution
		Debug|Any CPU = Debug|Any CPU
		Release|Any CPU = Release|Any CPU
	EndGlobalSection
	GlobalSection(ProjectConfigurationPlatforms) = postSolution
		{27ACAB5F-6E32-4A12-A615-A07A74E9395C}.Debug|Any CPU.ActiveCfg = Debug|Any CPU
		{27ACAB5F-6E32-4A12-A615-A07A74E9395C}.Debug|Any CPU.Build.0 = Debug|Any CPU
		{27ACAB5F-6E32-4A12-A615-A07A74E9395C}.Release|Any CPU.ActiveCfg = Release|Any CPU
		{27ACAB5F-6E32-4A12-A615-A07A74E9395C}.Release|Any CPU.Build.0 = Release|Any CPU
	EndGlobalSection
	GlobalSection(SolutionProperties) = preSolution
		HideSolutionNode = FALSE
	EndGlobalSection
	GlobalSection(ExtensibilityGlobals) = postSolution
		SolutionGuid = {B0B9B18E-DB67-4A39-9F89-C1A173975D2C}
	EndGlobalSection
EndGlobal
